// !$*UTF8*$!
{
	archiveVersion = 1;
	classes = {
	};
	objectVersion = 55;
	objects = {

/* Begin PBXBuildFile section */
		A950AF512819F12400EA306A /* SearchResultsTableViewCell.swift in Sources */ = {isa = PBXBuildFile; fileRef = A950AF502819F12300EA306A /* SearchResultsTableViewCell.swift */; };
		A965D20028184F0700C7B4B7 /* ApiCaller.swift in Sources */ = {isa = PBXBuildFile; fileRef = A965D1FF28184F0700C7B4B7 /* ApiCaller.swift */; };
		A965D202281853E600C7B4B7 /* Movie.swift in Sources */ = {isa = PBXBuildFile; fileRef = A965D201281853E600C7B4B7 /* Movie.swift */; };
		A965D2042818588D00C7B4B7 /* Extensions.swift in Sources */ = {isa = PBXBuildFile; fileRef = A965D2032818588D00C7B4B7 /* Extensions.swift */; };
		A965D208281867D000C7B4B7 /* Responses.swift in Sources */ = {isa = PBXBuildFile; fileRef = A965D207281867D000C7B4B7 /* Responses.swift */; };
		A965D20A281872A200C7B4B7 /* TitleCollectionViewCell.swift in Sources */ = {isa = PBXBuildFile; fileRef = A965D209281872A200C7B4B7 /* TitleCollectionViewCell.swift */; };
		A965D210281873AE00C7B4B7 /* SDWebImage in Frameworks */ = {isa = PBXBuildFile; productRef = A965D20F281873AE00C7B4B7 /* SDWebImage */; };
		A965D215281892EB00C7B4B7 /* TitleTableViewCell.swift in Sources */ = {isa = PBXBuildFile; fileRef = A965D214281892EB00C7B4B7 /* TitleTableViewCell.swift */; };
		A965D217281896C000C7B4B7 /* TitleViewModel.swift in Sources */ = {isa = PBXBuildFile; fileRef = A965D216281896C000C7B4B7 /* TitleViewModel.swift */; };
		A977B6E6281746E5005AC729 /* AppDelegate.swift in Sources */ = {isa = PBXBuildFile; fileRef = A977B6E5281746E5005AC729 /* AppDelegate.swift */; };
		A977B6E8281746E5005AC729 /* SceneDelegate.swift in Sources */ = {isa = PBXBuildFile; fileRef = A977B6E7281746E5005AC729 /* SceneDelegate.swift */; };
		A977B6EA281746E5005AC729 /* MainTabBarViewController.swift in Sources */ = {isa = PBXBuildFile; fileRef = A977B6E9281746E5005AC729 /* MainTabBarViewController.swift */; };
		A977B6EF281746E7005AC729 /* Assets.xcassets in Resources */ = {isa = PBXBuildFile; fileRef = A977B6EE281746E7005AC729 /* Assets.xcassets */; };
		A977B6F2281746E7005AC729 /* LaunchScreen.storyboard in Resources */ = {isa = PBXBuildFile; fileRef = A977B6F0281746E7005AC729 /* LaunchScreen.storyboard */; };
		A977B6FB28174809005AC729 /* HomeViewController.swift in Sources */ = {isa = PBXBuildFile; fileRef = A977B6FA28174809005AC729 /* HomeViewController.swift */; };
		A977B6FE28174820005AC729 /* UpcomingViewController.swift in Sources */ = {isa = PBXBuildFile; fileRef = A977B6FD28174820005AC729 /* UpcomingViewController.swift */; };
		A977B7002817483F005AC729 /* SearchViewController.swift in Sources */ = {isa = PBXBuildFile; fileRef = A977B6FF2817483F005AC729 /* SearchViewController.swift */; };
		A977B7022817485A005AC729 /* DownloadsViewController.swift in Sources */ = {isa = PBXBuildFile; fileRef = A977B7012817485A005AC729 /* DownloadsViewController.swift */; };
		A977B70928174C93005AC729 /* CollectionViewTableViewCell.swift in Sources */ = {isa = PBXBuildFile; fileRef = A977B70828174C93005AC729 /* CollectionViewTableViewCell.swift */; };
		A99E2231281750A3005DECDA /* HeroHeaderUIView.swift in Sources */ = {isa = PBXBuildFile; fileRef = A99E2230281750A3005DECDA /* HeroHeaderUIView.swift */; };
/* End PBXBuildFile section */

/* Begin PBXFileReference section */
		A950AF502819F12300EA306A /* SearchResultsTableViewCell.swift */ = {isa = PBXFileReference; lastKnownFileType = sourcecode.swift; path = SearchResultsTableViewCell.swift; sourceTree = "<group>"; };
		A965D1FF28184F0700C7B4B7 /* ApiCaller.swift */ = {isa = PBXFileReference; lastKnownFileType = sourcecode.swift; path = ApiCaller.swift; sourceTree = "<group>"; };
		A965D201281853E600C7B4B7 /* Movie.swift */ = {isa = PBXFileReference; lastKnownFileType = sourcecode.swift; path = Movie.swift; sourceTree = "<group>"; };
		A965D2032818588D00C7B4B7 /* Extensions.swift */ = {isa = PBXFileReference; lastKnownFileType = sourcecode.swift; path = Extensions.swift; sourceTree = "<group>"; };
		A965D207281867D000C7B4B7 /* Responses.swift */ = {isa = PBXFileReference; lastKnownFileType = sourcecode.swift; path = Responses.swift; sourceTree = "<group>"; };
		A965D209281872A200C7B4B7 /* TitleCollectionViewCell.swift */ = {isa = PBXFileReference; lastKnownFileType = sourcecode.swift; path = TitleCollectionViewCell.swift; sourceTree = "<group>"; };
		A965D214281892EB00C7B4B7 /* TitleTableViewCell.swift */ = {isa = PBXFileReference; lastKnownFileType = sourcecode.swift; path = TitleTableViewCell.swift; sourceTree = "<group>"; };
		A965D216281896C000C7B4B7 /* TitleViewModel.swift */ = {isa = PBXFileReference; lastKnownFileType = sourcecode.swift; path = TitleViewModel.swift; sourceTree = "<group>"; };
		A977B6E2281746E5005AC729 /* Netflix Clone.app */ = {isa = PBXFileReference; explicitFileType = wrapper.application; includeInIndex = 0; path = "Netflix Clone.app"; sourceTree = BUILT_PRODUCTS_DIR; };
		A977B6E5281746E5005AC729 /* AppDelegate.swift */ = {isa = PBXFileReference; lastKnownFileType = sourcecode.swift; path = AppDelegate.swift; sourceTree = "<group>"; };
		A977B6E7281746E5005AC729 /* SceneDelegate.swift */ = {isa = PBXFileReference; lastKnownFileType = sourcecode.swift; path = SceneDelegate.swift; sourceTree = "<group>"; };
		A977B6E9281746E5005AC729 /* MainTabBarViewController.swift */ = {isa = PBXFileReference; lastKnownFileType = sourcecode.swift; path = MainTabBarViewController.swift; sourceTree = "<group>"; };
		A977B6EE281746E7005AC729 /* Assets.xcassets */ = {isa = PBXFileReference; lastKnownFileType = folder.assetcatalog; path = Assets.xcassets; sourceTree = "<group>"; };
		A977B6F1281746E7005AC729 /* Base */ = {isa = PBXFileReference; lastKnownFileType = file.storyboard; name = Base; path = Base.lproj/LaunchScreen.storyboard; sourceTree = "<group>"; };
		A977B6F3281746E7005AC729 /* Info.plist */ = {isa = PBXFileReference; lastKnownFileType = text.plist.xml; path = Info.plist; sourceTree = "<group>"; };
		A977B6FA28174809005AC729 /* HomeViewController.swift */ = {isa = PBXFileReference; lastKnownFileType = sourcecode.swift; path = HomeViewController.swift; sourceTree = "<group>"; };
		A977B6FD28174820005AC729 /* UpcomingViewController.swift */ = {isa = PBXFileReference; lastKnownFileType = sourcecode.swift; path = UpcomingViewController.swift; sourceTree = "<group>"; };
		A977B6FF2817483F005AC729 /* SearchViewController.swift */ = {isa = PBXFileReference; lastKnownFileType = sourcecode.swift; path = SearchViewController.swift; sourceTree = "<group>"; };
		A977B7012817485A005AC729 /* DownloadsViewController.swift */ = {isa = PBXFileReference; lastKnownFileType = sourcecode.swift; path = DownloadsViewController.swift; sourceTree = "<group>"; };
		A977B70828174C93005AC729 /* CollectionViewTableViewCell.swift */ = {isa = PBXFileReference; lastKnownFileType = sourcecode.swift; path = CollectionViewTableViewCell.swift; sourceTree = "<group>"; };
		A99E2230281750A3005DECDA /* HeroHeaderUIView.swift */ = {isa = PBXFileReference; lastKnownFileType = sourcecode.swift; path = HeroHeaderUIView.swift; sourceTree = "<group>"; };
/* End PBXFileReference section */

/* Begin PBXFrameworksBuildPhase section */
		A977B6DF281746E5005AC729 /* Frameworks */ = {
			isa = PBXFrameworksBuildPhase;
			buildActionMask = 2147483647;
			files = (
				A965D210281873AE00C7B4B7 /* SDWebImage in Frameworks */,
			);
			runOnlyForDeploymentPostprocessing = 0;
		};
/* End PBXFrameworksBuildPhase section */

/* Begin PBXGroup section */
		A950AF522819F13600EA306A /* Core */ = {
			isa = PBXGroup;
			children = (
				A977B6FA28174809005AC729 /* HomeViewController.swift */,
				A977B6FD28174820005AC729 /* UpcomingViewController.swift */,
				A977B6FF2817483F005AC729 /* SearchViewController.swift */,
				A977B7012817485A005AC729 /* DownloadsViewController.swift */,
			);
			path = Core;
			sourceTree = "<group>";
		};
		A950AF532819F14000EA306A /* General */ = {
			isa = PBXGroup;
			children = (
				A950AF502819F12300EA306A /* SearchResultsTableViewCell.swift */,
			);
			path = General;
			sourceTree = "<group>";
		};
		A977B6D9281746E5005AC729 = {
			isa = PBXGroup;
			children = (
				A977B6E4281746E5005AC729 /* Netflix Clone */,
				A977B6E3281746E5005AC729 /* Products */,
			);
			sourceTree = "<group>";
		};
		A977B6E3281746E5005AC729 /* Products */ = {
			isa = PBXGroup;
			children = (
				A977B6E2281746E5005AC729 /* Netflix Clone.app */,
			);
			name = Products;
			sourceTree = "<group>";
		};
		A977B6E4281746E5005AC729 /* Netflix Clone */ = {
			isa = PBXGroup;
			children = (
				A977B70728174C56005AC729 /* Managers */,
				A977B70628174C4D005AC729 /* Resources */,
				A977B70428174C26005AC729 /* Models */,
				A977B70528174C2D005AC729 /* ViewModels */,
				A977B70328174C19005AC729 /* Views */,
				A977B6F9281747F2005AC729 /* Controllers */,
				A977B6E5281746E5005AC729 /* AppDelegate.swift */,
				A977B6E7281746E5005AC729 /* SceneDelegate.swift */,
				A977B6E9281746E5005AC729 /* MainTabBarViewController.swift */,
				A977B6EE281746E7005AC729 /* Assets.xcassets */,
				A977B6F0281746E7005AC729 /* LaunchScreen.storyboard */,
				A977B6F3281746E7005AC729 /* Info.plist */,
			);
			path = "Netflix Clone";
			sourceTree = "<group>";
		};
		A977B6F9281747F2005AC729 /* Controllers */ = {
			isa = PBXGroup;
			children = (
				A950AF532819F14000EA306A /* General */,
				A950AF522819F13600EA306A /* Core */,
			);
			path = Controllers;
			sourceTree = "<group>";
		};
		A977B70328174C19005AC729 /* Views */ = {
			isa = PBXGroup;
			children = (
				A977B70828174C93005AC729 /* CollectionViewTableViewCell.swift */,
				A99E2230281750A3005DECDA /* HeroHeaderUIView.swift */,
				A965D209281872A200C7B4B7 /* TitleCollectionViewCell.swift */,
				A965D214281892EB00C7B4B7 /* TitleTableViewCell.swift */,
			);
			path = Views;
			sourceTree = "<group>";
		};
		A977B70428174C26005AC729 /* Models */ = {
			isa = PBXGroup;
			children = (
				A965D201281853E600C7B4B7 /* Movie.swift */,
				A965D207281867D000C7B4B7 /* Responses.swift */,
			);
			path = Models;
			sourceTree = "<group>";
		};
		A977B70528174C2D005AC729 /* ViewModels */ = {
			isa = PBXGroup;
			children = (
				A965D216281896C000C7B4B7 /* TitleViewModel.swift */,
			);
			path = ViewModels;
			sourceTree = "<group>";
		};
		A977B70628174C4D005AC729 /* Resources */ = {
			isa = PBXGroup;
			children = (
				A965D2032818588D00C7B4B7 /* Extensions.swift */,
			);
			path = Resources;
			sourceTree = "<group>";
		};
		A977B70728174C56005AC729 /* Managers */ = {
			isa = PBXGroup;
			children = (
				A965D1FF28184F0700C7B4B7 /* ApiCaller.swift */,
			);
			path = Managers;
			sourceTree = "<group>";
		};
/* End PBXGroup section */

/* Begin PBXNativeTarget section */
		A977B6E1281746E5005AC729 /* Netflix Clone */ = {
			isa = PBXNativeTarget;
			buildConfigurationList = A977B6F6281746E7005AC729 /* Build configuration list for PBXNativeTarget "Netflix Clone" */;
			buildPhases = (
				A977B6DE281746E5005AC729 /* Sources */,
				A977B6DF281746E5005AC729 /* Frameworks */,
				A977B6E0281746E5005AC729 /* Resources */,
			);
			buildRules = (
			);
			dependencies = (
			);
			name = "Netflix Clone";
			packageProductDependencies = (
				A965D20F281873AE00C7B4B7 /* SDWebImage */,
			);
			productName = "Netflix Clone";
			productReference = A977B6E2281746E5005AC729 /* Netflix Clone.app */;
			productType = "com.apple.product-type.application";
		};
/* End PBXNativeTarget section */

/* Begin PBXProject section */
		A977B6DA281746E5005AC729 /* Project object */ = {
			isa = PBXProject;
			attributes = {
				BuildIndependentTargetsInParallel = 1;
				LastSwiftUpdateCheck = 1330;
				LastUpgradeCheck = 1330;
				TargetAttributes = {
					A977B6E1281746E5005AC729 = {
						CreatedOnToolsVersion = 13.3.1;
					};
				};
			};
			buildConfigurationList = A977B6DD281746E5005AC729 /* Build configuration list for PBXProject "Netflix Clone" */;
			compatibilityVersion = "Xcode 13.0";
			developmentRegion = en;
			hasScannedForEncodings = 0;
			knownRegions = (
				en,
				Base,
			);
			mainGroup = A977B6D9281746E5005AC729;
			packageReferences = (
				A965D20E281873AE00C7B4B7 /* XCRemoteSwiftPackageReference "SDWebImage" */,
			);
			productRefGroup = A977B6E3281746E5005AC729 /* Products */;
			projectDirPath = "";
			projectRoot = "";
			targets = (
				A977B6E1281746E5005AC729 /* Netflix Clone */,
			);
		};
/* End PBXProject section */

/* Begin PBXResourcesBuildPhase section */
		A977B6E0281746E5005AC729 /* Resources */ = {
			isa = PBXResourcesBuildPhase;
			buildActionMask = 2147483647;
			files = (
				A977B6F2281746E7005AC729 /* LaunchScreen.storyboard in Resources */,
				A977B6EF281746E7005AC729 /* Assets.xcassets in Resources */,
			);
			runOnlyForDeploymentPostprocessing = 0;
		};
/* End PBXResourcesBuildPhase section */

/* Begin PBXSourcesBuildPhase section */
		A977B6DE281746E5005AC729 /* Sources */ = {
			isa = PBXSourcesBuildPhase;
			buildActionMask = 2147483647;
			files = (
				A977B7002817483F005AC729 /* SearchViewController.swift in Sources */,
				A977B6EA281746E5005AC729 /* MainTabBarViewController.swift in Sources */,
				A977B70928174C93005AC729 /* CollectionViewTableViewCell.swift in Sources */,
				A99E2231281750A3005DECDA /* HeroHeaderUIView.swift in Sources */,
				A977B7022817485A005AC729 /* DownloadsViewController.swift in Sources */,
				A977B6E6281746E5005AC729 /* AppDelegate.swift in Sources */,
				A977B6E8281746E5005AC729 /* SceneDelegate.swift in Sources */,
				A965D20A281872A200C7B4B7 /* TitleCollectionViewCell.swift in Sources */,
				A965D2042818588D00C7B4B7 /* Extensions.swift in Sources */,
				A965D208281867D000C7B4B7 /* Responses.swift in Sources */,
				A965D215281892EB00C7B4B7 /* TitleTableViewCell.swift in Sources */,
				A950AF512819F12400EA306A /* SearchResultsTableViewCell.swift in Sources */,
				A977B6FE28174820005AC729 /* UpcomingViewController.swift in Sources */,
				A977B6FB28174809005AC729 /* HomeViewController.swift in Sources */,
				A965D217281896C000C7B4B7 /* TitleViewModel.swift in Sources */,
				A965D202281853E600C7B4B7 /* Movie.swift in Sources */,
				A965D20028184F0700C7B4B7 /* ApiCaller.swift in Sources */,
			);
			runOnlyForDeploymentPostprocessing = 0;
		};
/* End PBXSourcesBuildPhase section */

/* Begin PBXVariantGroup section */
		A977B6F0281746E7005AC729 /* LaunchScreen.storyboard */ = {
			isa = PBXVariantGroup;
			children = (
				A977B6F1281746E7005AC729 /* Base */,
			);
			name = LaunchScreen.storyboard;
			sourceTree = "<group>";
		};
/* End PBXVariantGroup section */

/* Begin XCBuildConfiguration section */
		A977B6F4281746E7005AC729 /* Debug */ = {
			isa = XCBuildConfiguration;
			buildSettings = {
				ALWAYS_SEARCH_USER_PATHS = NO;
				CLANG_ANALYZER_NONNULL = YES;
				CLANG_ANALYZER_NUMBER_OBJECT_CONVERSION = YES_AGGRESSIVE;
				CLANG_CXX_LANGUAGE_STANDARD = "gnu++17";
				CLANG_ENABLE_MODULES = YES;
				CLANG_ENABLE_OBJC_ARC = YES;
				CLANG_ENABLE_OBJC_WEAK = YES;
				CLANG_WARN_BLOCK_CAPTURE_AUTORELEASING = YES;
				CLANG_WARN_BOOL_CONVERSION = YES;
				CLANG_WARN_COMMA = YES;
				CLANG_WARN_CONSTANT_CONVERSION = YES;
				CLANG_WARN_DEPRECATED_OBJC_IMPLEMENTATIONS = YES;
				CLANG_WARN_DIRECT_OBJC_ISA_USAGE = YES_ERROR;
				CLANG_WARN_DOCUMENTATION_COMMENTS = YES;
				CLANG_WARN_EMPTY_BODY = YES;
				CLANG_WARN_ENUM_CONVERSION = YES;
				CLANG_WARN_INFINITE_RECURSION = YES;
				CLANG_WARN_INT_CONVERSION = YES;
				CLANG_WARN_NON_LITERAL_NULL_CONVERSION = YES;
				CLANG_WARN_OBJC_IMPLICIT_RETAIN_SELF = YES;
				CLANG_WARN_OBJC_LITERAL_CONVERSION = YES;
				CLANG_WARN_OBJC_ROOT_CLASS = YES_ERROR;
				CLANG_WARN_QUOTED_INCLUDE_IN_FRAMEWORK_HEADER = YES;
				CLANG_WARN_RANGE_LOOP_ANALYSIS = YES;
				CLANG_WARN_STRICT_PROTOTYPES = YES;
				CLANG_WARN_SUSPICIOUS_MOVE = YES;
				CLANG_WARN_UNGUARDED_AVAILABILITY = YES_AGGRESSIVE;
				CLANG_WARN_UNREACHABLE_CODE = YES;
				CLANG_WARN__DUPLICATE_METHOD_MATCH = YES;
				COPY_PHASE_STRIP = NO;
				DEBUG_INFORMATION_FORMAT = dwarf;
				ENABLE_STRICT_OBJC_MSGSEND = YES;
				ENABLE_TESTABILITY = YES;
				GCC_C_LANGUAGE_STANDARD = gnu11;
				GCC_DYNAMIC_NO_PIC = NO;
				GCC_NO_COMMON_BLOCKS = YES;
				GCC_OPTIMIZATION_LEVEL = 0;
				GCC_PREPROCESSOR_DEFINITIONS = (
					"DEBUG=1",
					"$(inherited)",
				);
				GCC_WARN_64_TO_32_BIT_CONVERSION = YES;
				GCC_WARN_ABOUT_RETURN_TYPE = YES_ERROR;
				GCC_WARN_UNDECLARED_SELECTOR = YES;
				GCC_WARN_UNINITIALIZED_AUTOS = YES_AGGRESSIVE;
				GCC_WARN_UNUSED_FUNCTION = YES;
				GCC_WARN_UNUSED_VARIABLE = YES;
				IPHONEOS_DEPLOYMENT_TARGET = 15.4;
				MTL_ENABLE_DEBUG_INFO = INCLUDE_SOURCE;
				MTL_FAST_MATH = YES;
				ONLY_ACTIVE_ARCH = YES;
				SDKROOT = iphoneos;
				SWIFT_ACTIVE_COMPILATION_CONDITIONS = DEBUG;
				SWIFT_OPTIMIZATION_LEVEL = "-Onone";
			};
			name = Debug;
		};
		A977B6F5281746E7005AC729 /* Release */ = {
			isa = XCBuildConfiguration;
			buildSettings = {
				ALWAYS_SEARCH_USER_PATHS = NO;
				CLANG_ANALYZER_NONNULL = YES;
				CLANG_ANALYZER_NUMBER_OBJECT_CONVERSION = YES_AGGRESSIVE;
				CLANG_CXX_LANGUAGE_STANDARD = "gnu++17";
				CLANG_ENABLE_MODULES = YES;
				CLANG_ENABLE_OBJC_ARC = YES;
				CLANG_ENABLE_OBJC_WEAK = YES;
				CLANG_WARN_BLOCK_CAPTURE_AUTORELEASING = YES;
				CLANG_WARN_BOOL_CONVERSION = YES;
				CLANG_WARN_COMMA = YES;
				CLANG_WARN_CONSTANT_CONVERSION = YES;
				CLANG_WARN_DEPRECATED_OBJC_IMPLEMENTATIONS = YES;
				CLANG_WARN_DIRECT_OBJC_ISA_USAGE = YES_ERROR;
				CLANG_WARN_DOCUMENTATION_COMMENTS = YES;
				CLANG_WARN_EMPTY_BODY = YES;
				CLANG_WARN_ENUM_CONVERSION = YES;
				CLANG_WARN_INFINITE_RECURSION = YES;
				CLANG_WARN_INT_CONVERSION = YES;
				CLANG_WARN_NON_LITERAL_NULL_CONVERSION = YES;
				CLANG_WARN_OBJC_IMPLICIT_RETAIN_SELF = YES;
				CLANG_WARN_OBJC_LITERAL_CONVERSION = YES;
				CLANG_WARN_OBJC_ROOT_CLASS = YES_ERROR;
				CLANG_WARN_QUOTED_INCLUDE_IN_FRAMEWORK_HEADER = YES;
				CLANG_WARN_RANGE_LOOP_ANALYSIS = YES;
				CLANG_WARN_STRICT_PROTOTYPES = YES;
				CLANG_WARN_SUSPICIOUS_MOVE = YES;
				CLANG_WARN_UNGUARDED_AVAILABILITY = YES_AGGRESSIVE;
				CLANG_WARN_UNREACHABLE_CODE = YES;
				CLANG_WARN__DUPLICATE_METHOD_MATCH = YES;
				COPY_PHASE_STRIP = NO;
				DEBUG_INFORMATION_FORMAT = "dwarf-with-dsym";
				ENABLE_NS_ASSERTIONS = NO;
				ENABLE_STRICT_OBJC_MSGSEND = YES;
				GCC_C_LANGUAGE_STANDARD = gnu11;
				GCC_NO_COMMON_BLOCKS = YES;
				GCC_WARN_64_TO_32_BIT_CONVERSION = YES;
				GCC_WARN_ABOUT_RETURN_TYPE = YES_ERROR;
				GCC_WARN_UNDECLARED_SELECTOR = YES;
				GCC_WARN_UNINITIALIZED_AUTOS = YES_AGGRESSIVE;
				GCC_WARN_UNUSED_FUNCTION = YES;
				GCC_WARN_UNUSED_VARIABLE = YES;
				IPHONEOS_DEPLOYMENT_TARGET = 15.4;
				MTL_ENABLE_DEBUG_INFO = NO;
				MTL_FAST_MATH = YES;
				SDKROOT = iphoneos;
				SWIFT_COMPILATION_MODE = wholemodule;
				SWIFT_OPTIMIZATION_LEVEL = "-O";
				VALIDATE_PRODUCT = YES;
			};
			name = Release;
		};
		A977B6F7281746E7005AC729 /* Debug */ = {
			isa = XCBuildConfiguration;
			buildSettings = {
				ASSETCATALOG_COMPILER_APPICON_NAME = AppIcon;
				ASSETCATALOG_COMPILER_GLOBAL_ACCENT_COLOR_NAME = AccentColor;
				CODE_SIGN_STYLE = Automatic;
				CURRENT_PROJECT_VERSION = 1;
				DEVELOPMENT_TEAM = S6NMM82226;
				GENERATE_INFOPLIST_FILE = YES;
				INFOPLIST_FILE = "Netflix Clone/Info.plist";
				INFOPLIST_KEY_UIApplicationSupportsIndirectInputEvents = YES;
				INFOPLIST_KEY_UILaunchStoryboardName = LaunchScreen;
				INFOPLIST_KEY_UISupportedInterfaceOrientations_iPad = "UIInterfaceOrientationPortrait UIInterfaceOrientationPortraitUpsideDown UIInterfaceOrientationLandscapeLeft UIInterfaceOrientationLandscapeRight";
				INFOPLIST_KEY_UISupportedInterfaceOrientations_iPhone = "UIInterfaceOrientationPortrait UIInterfaceOrientationLandscapeLeft UIInterfaceOrientationLandscapeRight";
				LD_RUNPATH_SEARCH_PATHS = (
					"$(inherited)",
					"@executable_path/Frameworks",
				);
				MARKETING_VERSION = 1.0;
				PRODUCT_BUNDLE_IDENTIFIER = "com.alexanderbasoc.netflix-clone";
				PRODUCT_NAME = "$(TARGET_NAME)";
				SWIFT_EMIT_LOC_STRINGS = YES;
				SWIFT_VERSION = 5.0;
				TARGETED_DEVICE_FAMILY = "1,2";
			};
			name = Debug;
		};
		A977B6F8281746E7005AC729 /* Release */ = {
			isa = XCBuildConfiguration;
			buildSettings = {
				ASSETCATALOG_COMPILER_APPICON_NAME = AppIcon;
				ASSETCATALOG_COMPILER_GLOBAL_ACCENT_COLOR_NAME = AccentColor;
				CODE_SIGN_STYLE = Automatic;
				CURRENT_PROJECT_VERSION = 1;
				DEVELOPMENT_TEAM = S6NMM82226;
				GENERATE_INFOPLIST_FILE = YES;
				INFOPLIST_FILE = "Netflix Clone/Info.plist";
				INFOPLIST_KEY_UIApplicationSupportsIndirectInputEvents = YES;
				INFOPLIST_KEY_UILaunchStoryboardName = LaunchScreen;
				INFOPLIST_KEY_UISupportedInterfaceOrientations_iPad = "UIInterfaceOrientationPortrait UIInterfaceOrientationPortraitUpsideDown UIInterfaceOrientationLandscapeLeft UIInterfaceOrientationLandscapeRight";
				INFOPLIST_KEY_UISupportedInterfaceOrientations_iPhone = "UIInterfaceOrientationPortrait UIInterfaceOrientationLandscapeLeft UIInterfaceOrientationLandscapeRight";
				LD_RUNPATH_SEARCH_PATHS = (
					"$(inherited)",
					"@executable_path/Frameworks",
				);
				MARKETING_VERSION = 1.0;
				PRODUCT_BUNDLE_IDENTIFIER = "com.alexanderbasoc.netflix-clone";
				PRODUCT_NAME = "$(TARGET_NAME)";
				SWIFT_EMIT_LOC_STRINGS = YES;
				SWIFT_VERSION = 5.0;
				TARGETED_DEVICE_FAMILY = "1,2";
			};
			name = Release;
		};
/* End XCBuildConfiguration section */

/* Begin XCConfigurationList section */
		A977B6DD281746E5005AC729 /* Build configuration list for PBXProject "Netflix Clone" */ = {
			isa = XCConfigurationList;
			buildConfigurations = (
				A977B6F4281746E7005AC729 /* Debug */,
				A977B6F5281746E7005AC729 /* Release */,
			);
			defaultConfigurationIsVisible = 0;
			defaultConfigurationName = Release;
		};
		A977B6F6281746E7005AC729 /* Build configuration list for PBXNativeTarget "Netflix Clone" */ = {
			isa = XCConfigurationList;
			buildConfigurations = (
				A977B6F7281746E7005AC729 /* Debug */,
				A977B6F8281746E7005AC729 /* Release */,
			);
			defaultConfigurationIsVisible = 0;
			defaultConfigurationName = Release;
		};
/* End XCConfigurationList section */

/* Begin XCRemoteSwiftPackageReference section */
		A965D20E281873AE00C7B4B7 /* XCRemoteSwiftPackageReference "SDWebImage" */ = {
			isa = XCRemoteSwiftPackageReference;
			repositoryURL = "https://github.com/SDWebImage/SDWebImage.git";
			requirement = {
				branch = master;
				kind = branch;
			};
		};
/* End XCRemoteSwiftPackageReference section */

/* Begin XCSwiftPackageProductDependency section */
		A965D20F281873AE00C7B4B7 /* SDWebImage */ = {
			isa = XCSwiftPackageProductDependency;
			package = A965D20E281873AE00C7B4B7 /* XCRemoteSwiftPackageReference "SDWebImage" */;
			productName = SDWebImage;
		};
/* End XCSwiftPackageProductDependency section */
	};
	rootObject = A977B6DA281746E5005AC729 /* Project object */;
}
